// !$*UTF8*$!
{
	archiveVersion = 1;
	classes = {
	};
	objectVersion = 55;
	objects = {

/* Begin PBXBuildFile section */
		B39DC92A2876FDB00059376F /* PlantcareApp.swift in Sources */ = {isa = PBXBuildFile; fileRef = B39DC9292876FDB00059376F /* PlantcareApp.swift */; };
		B39DC92C2876FDB00059376F /* ContentView.swift in Sources */ = {isa = PBXBuildFile; fileRef = B39DC92B2876FDB00059376F /* ContentView.swift */; };
		B39DC92E2876FDB70059376F /* Assets.xcassets in Resources */ = {isa = PBXBuildFile; fileRef = B39DC92D2876FDB70059376F /* Assets.xcassets */; };
		B39DC9312876FDB70059376F /* Preview Assets.xcassets in Resources */ = {isa = PBXBuildFile; fileRef = B39DC9302876FDB70059376F /* Preview Assets.xcassets */; };
		B39DC9332876FDB70059376F /* Persistence.swift in Sources */ = {isa = PBXBuildFile; fileRef = B39DC9322876FDB70059376F /* Persistence.swift */; };
		B39DC9362876FDB70059376F /* Plantcare.xcdatamodeld in Sources */ = {isa = PBXBuildFile; fileRef = B39DC9342876FDB70059376F /* Plantcare.xcdatamodeld */; };
		B39DC93E287737F70059376F /* Theme.swift in Sources */ = {isa = PBXBuildFile; fileRef = B39DC93D287737F70059376F /* Theme.swift */; };
		B39DC9402877395B0059376F /* Plant.swift in Sources */ = {isa = PBXBuildFile; fileRef = B39DC93F2877395A0059376F /* Plant.swift */; };
		B39DC94328773C250059376F /* CardView.swift in Sources */ = {isa = PBXBuildFile; fileRef = B39DC94228773C250059376F /* CardView.swift */; };
		B39DC945287748150059376F /* PlantsView.swift in Sources */ = {isa = PBXBuildFile; fileRef = B39DC944287748140059376F /* PlantsView.swift */; };
		B3BBC4A9287868B000787930 /* DetailView.swift in Sources */ = {isa = PBXBuildFile; fileRef = B3BBC4A8287868B000787930 /* DetailView.swift */; };
		B3BBC4C22878D09E00787930 /* CameraView.swift in Sources */ = {isa = PBXBuildFile; fileRef = B3BBC4C12878D09E00787930 /* CameraView.swift */; };
		B3BBC4C42878D0E900787930 /* ImageMenuView.swift in Sources */ = {isa = PBXBuildFile; fileRef = B3BBC4C32878D0E900787930 /* ImageMenuView.swift */; };
		B3BBC4C62878E16B00787930 /* ImagePicker.swift in Sources */ = {isa = PBXBuildFile; fileRef = B3BBC4C52878E16B00787930 /* ImagePicker.swift */; };
		B3BBC4C82878F06500787930 /* AddPlantView.swift in Sources */ = {isa = PBXBuildFile; fileRef = B3BBC4C72878F06500787930 /* AddPlantView.swift */; };
/* End PBXBuildFile section */

/* Begin PBXFileReference section */
		B39DC9262876FDB00059376F /* Plantcare.app */ = {isa = PBXFileReference; explicitFileType = wrapper.application; includeInIndex = 0; path = Plantcare.app; sourceTree = BUILT_PRODUCTS_DIR; };
		B39DC9292876FDB00059376F /* PlantcareApp.swift */ = {isa = PBXFileReference; lastKnownFileType = sourcecode.swift; path = PlantcareApp.swift; sourceTree = "<group>"; };
		B39DC92B2876FDB00059376F /* ContentView.swift */ = {isa = PBXFileReference; lastKnownFileType = sourcecode.swift; path = ContentView.swift; sourceTree = "<group>"; };
		B39DC92D2876FDB70059376F /* Assets.xcassets */ = {isa = PBXFileReference; lastKnownFileType = folder.assetcatalog; path = Assets.xcassets; sourceTree = "<group>"; };
		B39DC9302876FDB70059376F /* Preview Assets.xcassets */ = {isa = PBXFileReference; lastKnownFileType = folder.assetcatalog; path = "Preview Assets.xcassets"; sourceTree = "<group>"; };
		B39DC9322876FDB70059376F /* Persistence.swift */ = {isa = PBXFileReference; lastKnownFileType = sourcecode.swift; path = Persistence.swift; sourceTree = "<group>"; };
		B39DC9352876FDB70059376F /* Plantcare.xcdatamodel */ = {isa = PBXFileReference; lastKnownFileType = wrapper.xcdatamodel; path = Plantcare.xcdatamodel; sourceTree = "<group>"; };
		B39DC93D287737F70059376F /* Theme.swift */ = {isa = PBXFileReference; lastKnownFileType = sourcecode.swift; path = Theme.swift; sourceTree = "<group>"; };
		B39DC93F2877395A0059376F /* Plant.swift */ = {isa = PBXFileReference; lastKnownFileType = sourcecode.swift; path = Plant.swift; sourceTree = "<group>"; };
		B39DC94228773C250059376F /* CardView.swift */ = {isa = PBXFileReference; lastKnownFileType = sourcecode.swift; path = CardView.swift; sourceTree = "<group>"; };
		B39DC944287748140059376F /* PlantsView.swift */ = {isa = PBXFileReference; lastKnownFileType = sourcecode.swift; path = PlantsView.swift; sourceTree = "<group>"; };
		B3BBC4A8287868B000787930 /* DetailView.swift */ = {isa = PBXFileReference; lastKnownFileType = sourcecode.swift; path = DetailView.swift; sourceTree = "<group>"; };
		B3BBC4C12878D09E00787930 /* CameraView.swift */ = {isa = PBXFileReference; lastKnownFileType = sourcecode.swift; path = CameraView.swift; sourceTree = "<group>"; };
		B3BBC4C32878D0E900787930 /* ImageMenuView.swift */ = {isa = PBXFileReference; lastKnownFileType = sourcecode.swift; path = ImageMenuView.swift; sourceTree = "<group>"; };
		B3BBC4C52878E16B00787930 /* ImagePicker.swift */ = {isa = PBXFileReference; lastKnownFileType = sourcecode.swift; path = ImagePicker.swift; sourceTree = "<group>"; };
		B3BBC4C72878F06500787930 /* AddPlantView.swift */ = {isa = PBXFileReference; lastKnownFileType = sourcecode.swift; path = AddPlantView.swift; sourceTree = "<group>"; };
/* End PBXFileReference section */

/* Begin PBXFrameworksBuildPhase section */
		B39DC9232876FDB00059376F /* Frameworks */ = {
			isa = PBXFrameworksBuildPhase;
			buildActionMask = 2147483647;
			files = (
			);
			runOnlyForDeploymentPostprocessing = 0;
		};
/* End PBXFrameworksBuildPhase section */

/* Begin PBXGroup section */
		B39DC91D2876FDB00059376F = {
			isa = PBXGroup;
			children = (
				B39DC9282876FDB00059376F /* Plantcare */,
				B39DC9272876FDB00059376F /* Products */,
			);
			sourceTree = "<group>";
		};
		B39DC9272876FDB00059376F /* Products */ = {
			isa = PBXGroup;
			children = (
				B39DC9262876FDB00059376F /* Plantcare.app */,
			);
			name = Products;
			sourceTree = "<group>";
		};
		B39DC9282876FDB00059376F /* Plantcare */ = {
			isa = PBXGroup;
			children = (
				B3BBC4BB2878C0FE00787930 /* Extensions */,
				B3BBC4B22878987000787930 /* Images */,
				B39DC94128773C130059376F /* Views */,
				B39DC93C287737DD0059376F /* Models */,
				B39DC9292876FDB00059376F /* PlantcareApp.swift */,
				B39DC92D2876FDB70059376F /* Assets.xcassets */,
				B39DC9322876FDB70059376F /* Persistence.swift */,
				B39DC9342876FDB70059376F /* Plantcare.xcdatamodeld */,
				B39DC92F2876FDB70059376F /* Preview Content */,
			);
			path = Plantcare;
			sourceTree = "<group>";
		};
		B39DC92F2876FDB70059376F /* Preview Content */ = {
			isa = PBXGroup;
			children = (
				B39DC9302876FDB70059376F /* Preview Assets.xcassets */,
			);
			path = "Preview Content";
			sourceTree = "<group>";
		};
		B39DC93C287737DD0059376F /* Models */ = {
			isa = PBXGroup;
			children = (
				B39DC93D287737F70059376F /* Theme.swift */,
				B39DC93F2877395A0059376F /* Plant.swift */,
			);
			path = Models;
			sourceTree = "<group>";
		};
		B39DC94128773C130059376F /* Views */ = {
			isa = PBXGroup;
			children = (
				B39DC92B2876FDB00059376F /* ContentView.swift */,
				B39DC94228773C250059376F /* CardView.swift */,
				B39DC944287748140059376F /* PlantsView.swift */,
				B3BBC4A8287868B000787930 /* DetailView.swift */,
				B3BBC4C12878D09E00787930 /* CameraView.swift */,
				B3BBC4C32878D0E900787930 /* ImageMenuView.swift */,
				B3BBC4C72878F06500787930 /* AddPlantView.swift */,
			);
			path = Views;
			sourceTree = "<group>";
		};
		B3BBC4B22878987000787930 /* Images */ = {
			isa = PBXGroup;
			children = (
				B3BBC4C52878E16B00787930 /* ImagePicker.swift */,
			);
			path = Images;
			sourceTree = "<group>";
		};
		B3BBC4BB2878C0FE00787930 /* Extensions */ = {
			isa = PBXGroup;
			children = (
			);
			path = Extensions;
			sourceTree = "<group>";
		};
/* End PBXGroup section */

/* Begin PBXNativeTarget section */
		B39DC9252876FDB00059376F /* Plantcare */ = {
			isa = PBXNativeTarget;
			buildConfigurationList = B39DC9392876FDB70059376F /* Build configuration list for PBXNativeTarget "Plantcare" */;
			buildPhases = (
				B39DC9222876FDB00059376F /* Sources */,
				B39DC9232876FDB00059376F /* Frameworks */,
				B39DC9242876FDB00059376F /* Resources */,
			);
			buildRules = (
			);
			dependencies = (
			);
			name = Plantcare;
			productName = Plantcare;
			productReference = B39DC9262876FDB00059376F /* Plantcare.app */;
			productType = "com.apple.product-type.application";
		};
/* End PBXNativeTarget section */

/* Begin PBXProject section */
		B39DC91E2876FDB00059376F /* Project object */ = {
			isa = PBXProject;
			attributes = {
				BuildIndependentTargetsInParallel = 1;
				LastSwiftUpdateCheck = 1340;
				LastUpgradeCheck = 1340;
				TargetAttributes = {
					B39DC9252876FDB00059376F = {
						CreatedOnToolsVersion = 13.4.1;
					};
				};
			};
			buildConfigurationList = B39DC9212876FDB00059376F /* Build configuration list for PBXProject "Plantcare" */;
			compatibilityVersion = "Xcode 13.0";
			developmentRegion = en;
			hasScannedForEncodings = 0;
			knownRegions = (
				en,
				Base,
			);
			mainGroup = B39DC91D2876FDB00059376F;
			productRefGroup = B39DC9272876FDB00059376F /* Products */;
			projectDirPath = "";
			projectRoot = "";
			targets = (
				B39DC9252876FDB00059376F /* Plantcare */,
			);
		};
/* End PBXProject section */

/* Begin PBXResourcesBuildPhase section */
		B39DC9242876FDB00059376F /* Resources */ = {
			isa = PBXResourcesBuildPhase;
			buildActionMask = 2147483647;
			files = (
				B39DC9312876FDB70059376F /* Preview Assets.xcassets in Resources */,
				B39DC92E2876FDB70059376F /* Assets.xcassets in Resources */,
			);
			runOnlyForDeploymentPostprocessing = 0;
		};
/* End PBXResourcesBuildPhase section */

/* Begin PBXSourcesBuildPhase section */
		B39DC9222876FDB00059376F /* Sources */ = {
			isa = PBXSourcesBuildPhase;
			buildActionMask = 2147483647;
			files = (
				B3BBC4C42878D0E900787930 /* ImageMenuView.swift in Sources */,
				B39DC945287748150059376F /* PlantsView.swift in Sources */,
				B3BBC4A9287868B000787930 /* DetailView.swift in Sources */,
				B39DC94328773C250059376F /* CardView.swift in Sources */,
				B3BBC4C22878D09E00787930 /* CameraView.swift in Sources */,
				B3BBC4C82878F06500787930 /* AddPlantView.swift in Sources */,
				B39DC9362876FDB70059376F /* Plantcare.xcdatamodeld in Sources */,
				B39DC9402877395B0059376F /* Plant.swift in Sources */,
				B39DC9332876FDB70059376F /* Persistence.swift in Sources */,
				B39DC93E287737F70059376F /* Theme.swift in Sources */,
				B3BBC4C62878E16B00787930 /* ImagePicker.swift in Sources */,
				B39DC92C2876FDB00059376F /* ContentView.swift in Sources */,
				B39DC92A2876FDB00059376F /* PlantcareApp.swift in Sources */,
			);
			runOnlyForDeploymentPostprocessing = 0;
		};
/* End PBXSourcesBuildPhase section */

/* Begin XCBuildConfiguration section */
		B39DC9372876FDB70059376F /* Debug */ = {
			isa = XCBuildConfiguration;
			buildSettings = {
				ALWAYS_SEARCH_USER_PATHS = NO;
				CLANG_ANALYZER_NONNULL = YES;
				CLANG_ANALYZER_NUMBER_OBJECT_CONVERSION = YES_AGGRESSIVE;
				CLANG_CXX_LANGUAGE_STANDARD = "gnu++17";
				CLANG_ENABLE_MODULES = YES;
				CLANG_ENABLE_OBJC_ARC = YES;
				CLANG_ENABLE_OBJC_WEAK = YES;
				CLANG_WARN_BLOCK_CAPTURE_AUTORELEASING = YES;
				CLANG_WARN_BOOL_CONVERSION = YES;
				CLANG_WARN_COMMA = YES;
				CLANG_WARN_CONSTANT_CONVERSION = YES;
				CLANG_WARN_DEPRECATED_OBJC_IMPLEMENTATIONS = YES;
				CLANG_WARN_DIRECT_OBJC_ISA_USAGE = YES_ERROR;
				CLANG_WARN_DOCUMENTATION_COMMENTS = YES;
				CLANG_WARN_EMPTY_BODY = YES;
				CLANG_WARN_ENUM_CONVERSION = YES;
				CLANG_WARN_INFINITE_RECURSION = YES;
				CLANG_WARN_INT_CONVERSION = YES;
				CLANG_WARN_NON_LITERAL_NULL_CONVERSION = YES;
				CLANG_WARN_OBJC_IMPLICIT_RETAIN_SELF = YES;
				CLANG_WARN_OBJC_LITERAL_CONVERSION = YES;
				CLANG_WARN_OBJC_ROOT_CLASS = YES_ERROR;
				CLANG_WARN_QUOTED_INCLUDE_IN_FRAMEWORK_HEADER = YES;
				CLANG_WARN_RANGE_LOOP_ANALYSIS = YES;
				CLANG_WARN_STRICT_PROTOTYPES = YES;
				CLANG_WARN_SUSPICIOUS_MOVE = YES;
				CLANG_WARN_UNGUARDED_AVAILABILITY = YES_AGGRESSIVE;
				CLANG_WARN_UNREACHABLE_CODE = YES;
				CLANG_WARN__DUPLICATE_METHOD_MATCH = YES;
				COPY_PHASE_STRIP = NO;
				DEBUG_INFORMATION_FORMAT = dwarf;
				ENABLE_STRICT_OBJC_MSGSEND = YES;
				ENABLE_TESTABILITY = YES;
				GCC_C_LANGUAGE_STANDARD = gnu11;
				GCC_DYNAMIC_NO_PIC = NO;
				GCC_NO_COMMON_BLOCKS = YES;
				GCC_OPTIMIZATION_LEVEL = 0;
				GCC_PREPROCESSOR_DEFINITIONS = (
					"DEBUG=1",
					"$(inherited)",
				);
				GCC_WARN_64_TO_32_BIT_CONVERSION = YES;
				GCC_WARN_ABOUT_RETURN_TYPE = YES_ERROR;
				GCC_WARN_UNDECLARED_SELECTOR = YES;
				GCC_WARN_UNINITIALIZED_AUTOS = YES_AGGRESSIVE;
				GCC_WARN_UNUSED_FUNCTION = YES;
				GCC_WARN_UNUSED_VARIABLE = YES;
				IPHONEOS_DEPLOYMENT_TARGET = 15.5;
				MTL_ENABLE_DEBUG_INFO = INCLUDE_SOURCE;
				MTL_FAST_MATH = YES;
				ONLY_ACTIVE_ARCH = YES;
				SDKROOT = iphoneos;
				SWIFT_ACTIVE_COMPILATION_CONDITIONS = DEBUG;
				SWIFT_OPTIMIZATION_LEVEL = "-Onone";
			};
			name = Debug;
		};
		B39DC9382876FDB70059376F /* Release */ = {
			isa = XCBuildConfiguration;
			buildSettings = {
				ALWAYS_SEARCH_USER_PATHS = NO;
				CLANG_ANALYZER_NONNULL = YES;
				CLANG_ANALYZER_NUMBER_OBJECT_CONVERSION = YES_AGGRESSIVE;
				CLANG_CXX_LANGUAGE_STANDARD = "gnu++17";
				CLANG_ENABLE_MODULES = YES;
				CLANG_ENABLE_OBJC_ARC = YES;
				CLANG_ENABLE_OBJC_WEAK = YES;
				CLANG_WARN_BLOCK_CAPTURE_AUTORELEASING = YES;
				CLANG_WARN_BOOL_CONVERSION = YES;
				CLANG_WARN_COMMA = YES;
				CLANG_WARN_CONSTANT_CONVERSION = YES;
				CLANG_WARN_DEPRECATED_OBJC_IMPLEMENTATIONS = YES;
				CLANG_WARN_DIRECT_OBJC_ISA_USAGE = YES_ERROR;
				CLANG_WARN_DOCUMENTATION_COMMENTS = YES;
				CLANG_WARN_EMPTY_BODY = YES;
				CLANG_WARN_ENUM_CONVERSION = YES;
				CLANG_WARN_INFINITE_RECURSION = YES;
				CLANG_WARN_INT_CONVERSION = YES;
				CLANG_WARN_NON_LITERAL_NULL_CONVERSION = YES;
				CLANG_WARN_OBJC_IMPLICIT_RETAIN_SELF = YES;
				CLANG_WARN_OBJC_LITERAL_CONVERSION = YES;
				CLANG_WARN_OBJC_ROOT_CLASS = YES_ERROR;
				CLANG_WARN_QUOTED_INCLUDE_IN_FRAMEWORK_HEADER = YES;
				CLANG_WARN_RANGE_LOOP_ANALYSIS = YES;
				CLANG_WARN_STRICT_PROTOTYPES = YES;
				CLANG_WARN_SUSPICIOUS_MOVE = YES;
				CLANG_WARN_UNGUARDED_AVAILABILITY = YES_AGGRESSIVE;
				CLANG_WARN_UNREACHABLE_CODE = YES;
				CLANG_WARN__DUPLICATE_METHOD_MATCH = YES;
				COPY_PHASE_STRIP = NO;
				DEBUG_INFORMATION_FORMAT = "dwarf-with-dsym";
				ENABLE_NS_ASSERTIONS = NO;
				ENABLE_STRICT_OBJC_MSGSEND = YES;
				GCC_C_LANGUAGE_STANDARD = gnu11;
				GCC_NO_COMMON_BLOCKS = YES;
				GCC_WARN_64_TO_32_BIT_CONVERSION = YES;
				GCC_WARN_ABOUT_RETURN_TYPE = YES_ERROR;
				GCC_WARN_UNDECLARED_SELECTOR = YES;
				GCC_WARN_UNINITIALIZED_AUTOS = YES_AGGRESSIVE;
				GCC_WARN_UNUSED_FUNCTION = YES;
				GCC_WARN_UNUSED_VARIABLE = YES;
				IPHONEOS_DEPLOYMENT_TARGET = 15.5;
				MTL_ENABLE_DEBUG_INFO = NO;
				MTL_FAST_MATH = YES;
				SDKROOT = iphoneos;
				SWIFT_COMPILATION_MODE = wholemodule;
				SWIFT_OPTIMIZATION_LEVEL = "-O";
				VALIDATE_PRODUCT = YES;
			};
			name = Release;
		};
		B39DC93A2876FDB70059376F /* Debug */ = {
			isa = XCBuildConfiguration;
			buildSettings = {
				ASSETCATALOG_COMPILER_APPICON_NAME = AppIcon;
				ASSETCATALOG_COMPILER_GLOBAL_ACCENT_COLOR_NAME = AccentColor;
				CODE_SIGN_STYLE = Automatic;
				CURRENT_PROJECT_VERSION = 1;
				DEVELOPMENT_ASSET_PATHS = "\"Plantcare/Preview Content\"";
				DEVELOPMENT_TEAM = K4SPG2PJ4T;
				ENABLE_PREVIEWS = YES;
				GENERATE_INFOPLIST_FILE = YES;
				INFOPLIST_KEY_NSCameraUsageDescription = "We need access to your camera to take pictures of your pretty plants!";
				INFOPLIST_KEY_UIApplicationSceneManifest_Generation = YES;
				INFOPLIST_KEY_UIApplicationSupportsIndirectInputEvents = YES;
				INFOPLIST_KEY_UILaunchScreen_Generation = YES;
				INFOPLIST_KEY_UISupportedInterfaceOrientations_iPad = "UIInterfaceOrientationPortrait UIInterfaceOrientationPortraitUpsideDown UIInterfaceOrientationLandscapeLeft UIInterfaceOrientationLandscapeRight";
				INFOPLIST_KEY_UISupportedInterfaceOrientations_iPhone = "UIInterfaceOrientationPortrait UIInterfaceOrientationLandscapeLeft UIInterfaceOrientationLandscapeRight";
				LD_RUNPATH_SEARCH_PATHS = (
					"$(inherited)",
					"@executable_path/Frameworks",
				);
				MARKETING_VERSION = 1.0;
				PRODUCT_BUNDLE_IDENTIFIER = Nora.Plantcare;
				PRODUCT_NAME = "$(TARGET_NAME)";
				SWIFT_EMIT_LOC_STRINGS = YES;
				SWIFT_VERSION = 5.0;
				TARGETED_DEVICE_FAMILY = "1,2";
			};
			name = Debug;
		};
		B39DC93B2876FDB70059376F /* Release */ = {
			isa = XCBuildConfiguration;
			buildSettings = {
				ASSETCATALOG_COMPILER_APPICON_NAME = AppIcon;
				ASSETCATALOG_COMPILER_GLOBAL_ACCENT_COLOR_NAME = AccentColor;
				CODE_SIGN_STYLE = Automatic;
				CURRENT_PROJECT_VERSION = 1;
				DEVELOPMENT_ASSET_PATHS = "\"Plantcare/Preview Content\"";
				DEVELOPMENT_TEAM = K4SPG2PJ4T;
				ENABLE_PREVIEWS = YES;
				GENERATE_INFOPLIST_FILE = YES;
				INFOPLIST_KEY_NSCameraUsageDescription = "We need access to your camera to take pictures of your pretty plants!";
				INFOPLIST_KEY_UIApplicationSceneManifest_Generation = YES;
				INFOPLIST_KEY_UIApplicationSupportsIndirectInputEvents = YES;
				INFOPLIST_KEY_UILaunchScreen_Generation = YES;
				INFOPLIST_KEY_UISupportedInterfaceOrientations_iPad = "UIInterfaceOrientationPortrait UIInterfaceOrientationPortraitUpsideDown UIInterfaceOrientationLandscapeLeft UIInterfaceOrientationLandscapeRight";
				INFOPLIST_KEY_UISupportedInterfaceOrientations_iPhone = "UIInterfaceOrientationPortrait UIInterfaceOrientationLandscapeLeft UIInterfaceOrientationLandscapeRight";
				LD_RUNPATH_SEARCH_PATHS = (
					"$(inherited)",
					"@executable_path/Frameworks",
				);
				MARKETING_VERSION = 1.0;
				PRODUCT_BUNDLE_IDENTIFIER = Nora.Plantcare;
				PRODUCT_NAME = "$(TARGET_NAME)";
				SWIFT_EMIT_LOC_STRINGS = YES;
				SWIFT_VERSION = 5.0;
				TARGETED_DEVICE_FAMILY = "1,2";
			};
			name = Release;
		};
/* End XCBuildConfiguration section */

/* Begin XCConfigurationList section */
		B39DC9212876FDB00059376F /* Build configuration list for PBXProject "Plantcare" */ = {
			isa = XCConfigurationList;
			buildConfigurations = (
				B39DC9372876FDB70059376F /* Debug */,
				B39DC9382876FDB70059376F /* Release */,
			);
			defaultConfigurationIsVisible = 0;
			defaultConfigurationName = Release;
		};
		B39DC9392876FDB70059376F /* Build configuration list for PBXNativeTarget "Plantcare" */ = {
			isa = XCConfigurationList;
			buildConfigurations = (
				B39DC93A2876FDB70059376F /* Debug */,
				B39DC93B2876FDB70059376F /* Release */,
			);
			defaultConfigurationIsVisible = 0;
			defaultConfigurationName = Release;
		};
/* End XCConfigurationList section */

/* Begin XCVersionGroup section */
		B39DC9342876FDB70059376F /* Plantcare.xcdatamodeld */ = {
			isa = XCVersionGroup;
			children = (
				B39DC9352876FDB70059376F /* Plantcare.xcdatamodel */,
			);
			currentVersion = B39DC9352876FDB70059376F /* Plantcare.xcdatamodel */;
			path = Plantcare.xcdatamodeld;
			sourceTree = "<group>";
			versionGroupType = wrapper.xcdatamodel;
		};
/* End XCVersionGroup section */
	};
	rootObject = B39DC91E2876FDB00059376F /* Project object */;
}
